
Microsoft Visual Studio Solution File, Format Version 12.00
# Visual Studio Version 16
VisualStudioVersion = 16.0.29503.13
MinimumVisualStudioVersion = 10.0.40219.1
Project("{9A19103F-16F7-4668-BE54-9A1E7A4F7556}") = "DABTechs.eCommerce.Sales.Business", "DABTechs.eCommerce.Sales.Business\DABTechs.eCommerce.Sales.Business.csproj", "{6332F59F-A958-4B74-9D0F-887C36A8282F}"
EndProject
Project("{9A19103F-16F7-4668-BE54-9A1E7A4F7556}") = "DABTechs.eCommerce.Sales.Common", "DABTechs.eCommerce.Sales.Common\DABTechs.eCommerce.Sales.Common.csproj", "{77AB1286-081D-4B87-8513-53EE5D7584C5}"
EndProject
Project("{9A19103F-16F7-4668-BE54-9A1E7A4F7556}") = "DABTechs.eCommerce.Sales.Domain", "DABTechs.eCommerce.Sales.Domain\DABTechs.eCommerce.Sales.Domain.csproj", "{18054243-D451-47E2-AC27-D5F494302BCD}"
EndProject
Project("{9A19103F-16F7-4668-BE54-9A1E7A4F7556}") = "DABTechs.eCommerce.Sales.Models", "DABTechs.eCommerce.Sales.Models\DABTechs.eCommerce.Sales.Models.csproj", "{A1E35376-56B9-4BD0-88E2-327B1BFBCB91}"
EndProject
Project("{2150E333-8FDC-42A3-9474-1A3956D46DE8}") = "Providers", "Providers", "{A37EF35D-8FC3-45D3-B6EE-90796C18359A}"
EndProject
Project("{9A19103F-16F7-4668-BE54-9A1E7A4F7556}") = "DABTechs.eCommerce.Sales.Providers.Azure", "DABTechs.eCommerce.Sales.Providers.Azure\DABTechs.eCommerce.Sales.Providers.Azure.csproj", "{40DC9CCE-73D2-4EA1-89A8-BAD1A2B6FFF2}"
EndProject
Project("{9A19103F-16F7-4668-BE54-9A1E7A4F7556}") = "DABTechs.eCommerce.Sales.Web", "DABTechs.eCommerce.Sales.Web\DABTechs.eCommerce.Sales.Web.csproj", "{07967750-1E73-45FB-B828-4C62B5A256A6}"
EndProject
Project("{9A19103F-16F7-4668-BE54-9A1E7A4F7556}") = "DABTechs.eCommerce.Sales.UnitTests", "DABTechs.eCommerce.Sales.UnitTests\DABTechs.eCommerce.Sales.UnitTests.csproj", "{FC13AC9A-BCD3-4C78-94B4-F1BE75241F06}"
EndProject
Project("{2150E333-8FDC-42A3-9474-1A3956D46DE8}") = "Domain", "Domain", "{A87510FC-2342-4964-B603-3C84B4A77DCE}"
EndProject
Project("{2150E333-8FDC-42A3-9474-1A3956D46DE8}") = "Tests", "Tests", "{D0087260-E4DC-4431-AA66-C7F80074A9A8}"
EndProject
Project("{9A19103F-16F7-4668-BE54-9A1E7A4F7556}") = "DABTechs.eCommerce.Sales.Search.Api", "DABTechs.eCommerce.Sales.Search.Api\DABTechs.eCommerce.Sales.Search.Api.csproj", "{4DE41E4F-89FE-4A88-8156-CFECDB49DADC}"
EndProject
Project("{9A19103F-16F7-4668-BE54-9A1E7A4F7556}") = "DABTechs.eCommerce.Sales.QuickBuy.Api", "DABTechs.eCommerce.Sales.QuickBuy.Api\DABTechs.eCommerce.Sales.QuickBuy.Api.csproj", "{7832BE43-77B1-4025-8635-C8E81958CB70}"
EndProject
Project("{9A19103F-16F7-4668-BE54-9A1E7A4F7556}") = "DABTechs.eCommerce.Sales.Identity", "DABTechs.eCommerce.Sales.Identity\DABTechs.eCommerce.Sales.Identity.csproj", "{E1012C38-3C79-42D6-862D-A9A24A6A3609}"
EndProject
Project("{9A19103F-16F7-4668-BE54-9A1E7A4F7556}") = "DABTechs.eCommerce.Sales.Providers.Menu", "DABTechs.eCommerce.Sales.Providers.Menu\DABTechs.eCommerce.Sales.Providers.Menu.csproj", "{8EA2927F-6B19-44AA-94E9-3715D439B3F0}"
EndProject
Project("{9A19103F-16F7-4668-BE54-9A1E7A4F7556}") = "DABTechs.eCommerce.Sales.ShoppingBag.Api", "DABTechs.eCommerce.Sales.ShoppingBag.Api\DABTechs.eCommerce.Sales.ShoppingBag.Api.csproj", "{2D2597A8-E36E-48CB-9277-CCAF575852EA}"
EndProject
Project("{9A19103F-16F7-4668-BE54-9A1E7A4F7556}") = "DABTechs.eCommerce.Sales.Providers.CosmosDb", "DABTechs.eCommerce.Sales.Providers.CosmosDb\DABTechs.eCommerce.Sales.Providers.CosmosDb.csproj", "{13217FEC-AC4B-4750-8B35-80EEDE2CED4C}"
EndProject
Project("{9A19103F-16F7-4668-BE54-9A1E7A4F7556}") = "DABTechs.eCommerce.Sales.Menu.Api", "DABTechs.eCommerce.Sales.Menu.Api\DABTechs.eCommerce.Sales.Menu.Api.csproj", "{5C041BB6-5FBB-42AF-92C3-E12D79F68E07}"
EndProject
Project("{2150E333-8FDC-42A3-9474-1A3956D46DE8}") = "Solution Items", "Solution Items", "{787957E2-D89F-4D43-8BCF-320465B03BE4}"
	ProjectSection(SolutionItems) = preProject
		README.md = README.md
		tye.yaml = tye.yaml
	EndProjectSection
EndProject
Global
	GlobalSection(SolutionConfigurationPlatforms) = preSolution
		Debug|Any CPU = Debug|Any CPU
		Release|Any CPU = Release|Any CPU
	EndGlobalSection
	GlobalSection(ProjectConfigurationPlatforms) = postSolution
		{6332F59F-A958-4B74-9D0F-887C36A8282F}.Debug|Any CPU.ActiveCfg = Debug|Any CPU
		{6332F59F-A958-4B74-9D0F-887C36A8282F}.Debug|Any CPU.Build.0 = Debug|Any CPU
		{6332F59F-A958-4B74-9D0F-887C36A8282F}.Release|Any CPU.ActiveCfg = Release|Any CPU
		{6332F59F-A958-4B74-9D0F-887C36A8282F}.Release|Any CPU.Build.0 = Release|Any CPU
		{77AB1286-081D-4B87-8513-53EE5D7584C5}.Debug|Any CPU.ActiveCfg = Debug|Any CPU
		{77AB1286-081D-4B87-8513-53EE5D7584C5}.Debug|Any CPU.Build.0 = Debug|Any CPU
		{77AB1286-081D-4B87-8513-53EE5D7584C5}.Release|Any CPU.ActiveCfg = Release|Any CPU
		{77AB1286-081D-4B87-8513-53EE5D7584C5}.Release|Any CPU.Build.0 = Release|Any CPU
		{18054243-D451-47E2-AC27-D5F494302BCD}.Debug|Any CPU.ActiveCfg = Debug|Any CPU
		{18054243-D451-47E2-AC27-D5F494302BCD}.Debug|Any CPU.Build.0 = Debug|Any CPU
		{18054243-D451-47E2-AC27-D5F494302BCD}.Release|Any CPU.ActiveCfg = Release|Any CPU
		{18054243-D451-47E2-AC27-D5F494302BCD}.Release|Any CPU.Build.0 = Release|Any CPU
		{A1E35376-56B9-4BD0-88E2-327B1BFBCB91}.Debug|Any CPU.ActiveCfg = Debug|Any CPU
		{A1E35376-56B9-4BD0-88E2-327B1BFBCB91}.Debug|Any CPU.Build.0 = Debug|Any CPU
		{A1E35376-56B9-4BD0-88E2-327B1BFBCB91}.Release|Any CPU.ActiveCfg = Release|Any CPU
		{A1E35376-56B9-4BD0-88E2-327B1BFBCB91}.Release|Any CPU.Build.0 = Release|Any CPU
		{40DC9CCE-73D2-4EA1-89A8-BAD1A2B6FFF2}.Debug|Any CPU.ActiveCfg = Debug|Any CPU
		{40DC9CCE-73D2-4EA1-89A8-BAD1A2B6FFF2}.Debug|Any CPU.Build.0 = Debug|Any CPU
		{40DC9CCE-73D2-4EA1-89A8-BAD1A2B6FFF2}.Release|Any CPU.ActiveCfg = Release|Any CPU
		{40DC9CCE-73D2-4EA1-89A8-BAD1A2B6FFF2}.Release|Any CPU.Build.0 = Release|Any CPU
		{07967750-1E73-45FB-B828-4C62B5A256A6}.Debug|Any CPU.ActiveCfg = Debug|Any CPU
		{07967750-1E73-45FB-B828-4C62B5A256A6}.Debug|Any CPU.Build.0 = Debug|Any CPU
		{07967750-1E73-45FB-B828-4C62B5A256A6}.Release|Any CPU.ActiveCfg = Release|Any CPU
		{07967750-1E73-45FB-B828-4C62B5A256A6}.Release|Any CPU.Build.0 = Release|Any CPU
		{FC13AC9A-BCD3-4C78-94B4-F1BE75241F06}.Debug|Any CPU.ActiveCfg = Debug|Any CPU
		{FC13AC9A-BCD3-4C78-94B4-F1BE75241F06}.Debug|Any CPU.Build.0 = Debug|Any CPU
		{FC13AC9A-BCD3-4C78-94B4-F1BE75241F06}.Release|Any CPU.ActiveCfg = Release|Any CPU
		{FC13AC9A-BCD3-4C78-94B4-F1BE75241F06}.Release|Any CPU.Build.0 = Release|Any CPU
		{4DE41E4F-89FE-4A88-8156-CFECDB49DADC}.Debug|Any CPU.ActiveCfg = Debug|Any CPU
		{4DE41E4F-89FE-4A88-8156-CFECDB49DADC}.Debug|Any CPU.Build.0 = Debug|Any CPU
		{4DE41E4F-89FE-4A88-8156-CFECDB49DADC}.Release|Any CPU.ActiveCfg = Release|Any CPU
		{4DE41E4F-89FE-4A88-8156-CFECDB49DADC}.Release|Any CPU.Build.0 = Release|Any CPU
		{7832BE43-77B1-4025-8635-C8E81958CB70}.Debug|Any CPU.ActiveCfg = Debug|Any CPU
		{7832BE43-77B1-4025-8635-C8E81958CB70}.Debug|Any CPU.Build.0 = Debug|Any CPU
		{7832BE43-77B1-4025-8635-C8E81958CB70}.Release|Any CPU.ActiveCfg = Release|Any CPU
		{7832BE43-77B1-4025-8635-C8E81958CB70}.Release|Any CPU.Build.0 = Release|Any CPU
		{E1012C38-3C79-42D6-862D-A9A24A6A3609}.Debug|Any CPU.ActiveCfg = Debug|Any CPU
		{E1012C38-3C79-42D6-862D-A9A24A6A3609}.Debug|Any CPU.Build.0 = Debug|Any CPU
		{E1012C38-3C79-42D6-862D-A9A24A6A3609}.Release|Any CPU.ActiveCfg = Release|Any CPU
		{E1012C38-3C79-42D6-862D-A9A24A6A3609}.Release|Any CPU.Build.0 = Release|Any CPU
		{8EA2927F-6B19-44AA-94E9-3715D439B3F0}.Debug|Any CPU.ActiveCfg = Debug|Any CPU
		{8EA2927F-6B19-44AA-94E9-3715D439B3F0}.Debug|Any CPU.Build.0 = Debug|Any CPU
		{8EA2927F-6B19-44AA-94E9-3715D439B3F0}.Release|Any CPU.ActiveCfg = Release|Any CPU
		{8EA2927F-6B19-44AA-94E9-3715D439B3F0}.Release|Any CPU.Build.0 = Release|Any CPU
		{2D2597A8-E36E-48CB-9277-CCAF575852EA}.Debug|Any CPU.ActiveCfg = Debug|Any CPU
		{2D2597A8-E36E-48CB-9277-CCAF575852EA}.Debug|Any CPU.Build.0 = Debug|Any CPU
		{2D2597A8-E36E-48CB-9277-CCAF575852EA}.Release|Any CPU.ActiveCfg = Release|Any CPU
		{2D2597A8-E36E-48CB-9277-CCAF575852EA}.Release|Any CPU.Build.0 = Release|Any CPU
		{13217FEC-AC4B-4750-8B35-80EEDE2CED4C}.Debug|Any CPU.ActiveCfg = Debug|Any CPU
		{13217FEC-AC4B-4750-8B35-80EEDE2CED4C}.Debug|Any CPU.Build.0 = Debug|Any CPU
		{13217FEC-AC4B-4750-8B35-80EEDE2CED4C}.Release|Any CPU.ActiveCfg = Release|Any CPU
		{13217FEC-AC4B-4750-8B35-80EEDE2CED4C}.Release|Any CPU.Build.0 = Release|Any CPU
		{5C041BB6-5FBB-42AF-92C3-E12D79F68E07}.Debug|Any CPU.ActiveCfg = Debug|Any CPU
		{5C041BB6-5FBB-42AF-92C3-E12D79F68E07}.Debug|Any CPU.Build.0 = Debug|Any CPU
		{5C041BB6-5FBB-42AF-92C3-E12D79F68E07}.Release|Any CPU.ActiveCfg = Release|Any CPU
		{5C041BB6-5FBB-42AF-92C3-E12D79F68E07}.Release|Any CPU.Build.0 = Release|Any CPU
	EndGlobalSection
	GlobalSection(SolutionProperties) = preSolution
		HideSolutionNode = FALSE
	EndGlobalSection
	GlobalSection(NestedProjects) = preSolution
		{6332F59F-A958-4B74-9D0F-887C36A8282F} = {A87510FC-2342-4964-B603-3C84B4A77DCE}
		{77AB1286-081D-4B87-8513-53EE5D7584C5} = {A87510FC-2342-4964-B603-3C84B4A77DCE}
		{18054243-D451-47E2-AC27-D5F494302BCD} = {A87510FC-2342-4964-B603-3C84B4A77DCE}
		{A1E35376-56B9-4BD0-88E2-327B1BFBCB91} = {A87510FC-2342-4964-B603-3C84B4A77DCE}
		{40DC9CCE-73D2-4EA1-89A8-BAD1A2B6FFF2} = {A37EF35D-8FC3-45D3-B6EE-90796C18359A}
		{FC13AC9A-BCD3-4C78-94B4-F1BE75241F06} = {D0087260-E4DC-4431-AA66-C7F80074A9A8}
		{8EA2927F-6B19-44AA-94E9-3715D439B3F0} = {A37EF35D-8FC3-45D3-B6EE-90796C18359A}
		{13217FEC-AC4B-4750-8B35-80EEDE2CED4C} = {A37EF35D-8FC3-45D3-B6EE-90796C18359A}
	EndGlobalSection
	GlobalSection(ExtensibilityGlobals) = postSolution
		SolutionGuid = {FED90373-64EA-41F8-8F93-4D3C06EA386D}
	EndGlobalSection
EndGlobal
